PODS:
  - JSONModel (1.7.0)
  - MJRefresh (3.1.12)
  - SDWebImage (3.8.2):
    - SDWebImage/Core (= 3.8.2)
  - SDWebImage/Core (3.8.2)

DEPENDENCIES:
  - JSONModel (~> 1.7.0)
  - MJRefresh (~> 3.1.12)
  - SDWebImage (~> 3.8.2)

SPEC CHECKSUMS:
  JSONModel: 840bc0fcffb24b8454d2c026bf26fea454b8e98d
  MJRefresh: b96cdb21c4aa75a7b07654311ab2f315c497e806
  SDWebImage: 098e97e6176540799c27e804c96653ee0833d13c

PODFILE CHECKSUM: 6239f9caadce25f40c8bcd962aa0f0be3c60b7d8

COCOAPODS: 1.1.1
