// !$*UTF8*$!
{
	archiveVersion = 1;
	classes = {
	};
	objectVersion = 46;
	objects = {

/* Begin PBXBuildFile section */
		0EB223FC1EDFB59400AEAAC5 /* main.m in Sources */ = {isa = PBXBuildFile; fileRef = 0EB223FB1EDFB59400AEAAC5 /* main.m */; };
		0EB223FF1EDFB59400AEAAC5 /* AppDelegate.m in Sources */ = {isa = PBXBuildFile; fileRef = 0EB223FE1EDFB59400AEAAC5 /* AppDelegate.m */; };
		0EB224021EDFB59400AEAAC5 /* ViewController.m in Sources */ = {isa = PBXBuildFile; fileRef = 0EB224011EDFB59400AEAAC5 /* ViewController.m */; };
		0EB224051EDFB59400AEAAC5 /* Main.storyboard in Resources */ = {isa = PBXBuildFile; fileRef = 0EB224031EDFB59400AEAAC5 /* Main.storyboard */; };
		0EB224071EDFB59400AEAAC5 /* Assets.xcassets in Resources */ = {isa = PBXBuildFile; fileRef = 0EB224061EDFB59400AEAAC5 /* Assets.xcassets */; };
		0EB2240A1EDFB59400AEAAC5 /* LaunchScreen.storyboard in Resources */ = {isa = PBXBuildFile; fileRef = 0EB224081EDFB59400AEAAC5 /* LaunchScreen.storyboard */; };
		0EB224351EE017E400AEAAC5 /* CSJSONModel.m in Sources */ = {isa = PBXBuildFile; fileRef = 0EB224341EE017E400AEAAC5 /* CSJSONModel.m */; };
		0EB224391EE0181E00AEAAC5 /* ModelShop.m in Sources */ = {isa = PBXBuildFile; fileRef = 0EB224381EE0181E00AEAAC5 /* ModelShop.m */; };
		0EB2243B1EE0187E00AEAAC5 /* Datas.plist in Resources */ = {isa = PBXBuildFile; fileRef = 0EB2243A1EE0187E00AEAAC5 /* Datas.plist */; };
		0EB2243F1EE018C100AEAAC5 /* UIView+AutoLayout.m in Sources */ = {isa = PBXBuildFile; fileRef = 0EB2243E1EE018C100AEAAC5 /* UIView+AutoLayout.m */; };
		0EB224441EE018EE00AEAAC5 /* ShopCell.m in Sources */ = {isa = PBXBuildFile; fileRef = 0EB224421EE018EE00AEAAC5 /* ShopCell.m */; };
		0EB224451EE018EE00AEAAC5 /* ShopCell.xib in Resources */ = {isa = PBXBuildFile; fileRef = 0EB224431EE018EE00AEAAC5 /* ShopCell.xib */; };
		0EB224491EE0197200AEAAC5 /* WaterflowLayout.m in Sources */ = {isa = PBXBuildFile; fileRef = 0EB224481EE0197200AEAAC5 /* WaterflowLayout.m */; };
		ABE5CADE638C94EBF91C78E7 /* libPods-CollectionViewPractice.a in Frameworks */ = {isa = PBXBuildFile; fileRef = 614BC6DAE6E9ED34276CA8C8 /* libPods-CollectionViewPractice.a */; };
/* End PBXBuildFile section */

/* Begin PBXFileReference section */
		0EB223F71EDFB59400AEAAC5 /* CollectionViewPractice.app */ = {isa = PBXFileReference; explicitFileType = wrapper.application; includeInIndex = 0; path = CollectionViewPractice.app; sourceTree = BUILT_PRODUCTS_DIR; };
		0EB223FB1EDFB59400AEAAC5 /* main.m */ = {isa = PBXFileReference; lastKnownFileType = sourcecode.c.objc; path = main.m; sourceTree = "<group>"; };
		0EB223FD1EDFB59400AEAAC5 /* AppDelegate.h */ = {isa = PBXFileReference; lastKnownFileType = sourcecode.c.h; path = AppDelegate.h; sourceTree = "<group>"; };
		0EB223FE1EDFB59400AEAAC5 /* AppDelegate.m */ = {isa = PBXFileReference; lastKnownFileType = sourcecode.c.objc; path = AppDelegate.m; sourceTree = "<group>"; };
		0EB224001EDFB59400AEAAC5 /* ViewController.h */ = {isa = PBXFileReference; lastKnownFileType = sourcecode.c.h; path = ViewController.h; sourceTree = "<group>"; };
		0EB224011EDFB59400AEAAC5 /* ViewController.m */ = {isa = PBXFileReference; lastKnownFileType = sourcecode.c.objc; path = ViewController.m; sourceTree = "<group>"; };
		0EB224041EDFB59400AEAAC5 /* Base */ = {isa = PBXFileReference; lastKnownFileType = file.storyboard; name = Base; path = Base.lproj/Main.storyboard; sourceTree = "<group>"; };
		0EB224061EDFB59400AEAAC5 /* Assets.xcassets */ = {isa = PBXFileReference; lastKnownFileType = folder.assetcatalog; path = Assets.xcassets; sourceTree = "<group>"; };
		0EB224091EDFB59400AEAAC5 /* Base */ = {isa = PBXFileReference; lastKnownFileType = file.storyboard; name = Base; path = Base.lproj/LaunchScreen.storyboard; sourceTree = "<group>"; };
		0EB2240B1EDFB59400AEAAC5 /* Info.plist */ = {isa = PBXFileReference; lastKnownFileType = text.plist.xml; path = Info.plist; sourceTree = "<group>"; };
		0EB224171EDFB65D00AEAAC5 /* CollectionView.pch */ = {isa = PBXFileReference; lastKnownFileType = sourcecode.c.h; path = CollectionView.pch; sourceTree = "<group>"; };
		0EB224331EE017E400AEAAC5 /* CSJSONModel.h */ = {isa = PBXFileReference; fileEncoding = 4; lastKnownFileType = sourcecode.c.h; path = CSJSONModel.h; sourceTree = "<group>"; };
		0EB224341EE017E400AEAAC5 /* CSJSONModel.m */ = {isa = PBXFileReference; fileEncoding = 4; lastKnownFileType = sourcecode.c.objc; path = CSJSONModel.m; sourceTree = "<group>"; };
		0EB224371EE0181E00AEAAC5 /* ModelShop.h */ = {isa = PBXFileReference; fileEncoding = 4; lastKnownFileType = sourcecode.c.h; path = ModelShop.h; sourceTree = "<group>"; };
		0EB224381EE0181E00AEAAC5 /* ModelShop.m */ = {isa = PBXFileReference; fileEncoding = 4; lastKnownFileType = sourcecode.c.objc; path = ModelShop.m; sourceTree = "<group>"; };
		0EB2243A1EE0187E00AEAAC5 /* Datas.plist */ = {isa = PBXFileReference; fileEncoding = 4; lastKnownFileType = text.plist.xml; path = Datas.plist; sourceTree = "<group>"; };
		0EB2243C1EE018C100AEAAC5 /* Define.h */ = {isa = PBXFileReference; fileEncoding = 4; lastKnownFileType = sourcecode.c.h; path = Define.h; sourceTree = "<group>"; };
		0EB2243D1EE018C100AEAAC5 /* UIView+AutoLayout.h */ = {isa = PBXFileReference; fileEncoding = 4; lastKnownFileType = sourcecode.c.h; path = "UIView+AutoLayout.h"; sourceTree = "<group>"; };
		0EB2243E1EE018C100AEAAC5 /* UIView+AutoLayout.m */ = {isa = PBXFileReference; fileEncoding = 4; lastKnownFileType = sourcecode.c.objc; path = "UIView+AutoLayout.m"; sourceTree = "<group>"; };
		0EB224411EE018EE00AEAAC5 /* ShopCell.h */ = {isa = PBXFileReference; fileEncoding = 4; lastKnownFileType = sourcecode.c.h; path = ShopCell.h; sourceTree = "<group>"; };
		0EB224421EE018EE00AEAAC5 /* ShopCell.m */ = {isa = PBXFileReference; fileEncoding = 4; lastKnownFileType = sourcecode.c.objc; path = ShopCell.m; sourceTree = "<group>"; };
		0EB224431EE018EE00AEAAC5 /* ShopCell.xib */ = {isa = PBXFileReference; fileEncoding = 4; lastKnownFileType = file.xib; path = ShopCell.xib; sourceTree = "<group>"; };
		0EB224471EE0197200AEAAC5 /* WaterflowLayout.h */ = {isa = PBXFileReference; fileEncoding = 4; lastKnownFileType = sourcecode.c.h; path = WaterflowLayout.h; sourceTree = "<group>"; };
		0EB224481EE0197200AEAAC5 /* WaterflowLayout.m */ = {isa = PBXFileReference; fileEncoding = 4; lastKnownFileType = sourcecode.c.objc; path = WaterflowLayout.m; sourceTree = "<group>"; };
		614BC6DAE6E9ED34276CA8C8 /* libPods-CollectionViewPractice.a */ = {isa = PBXFileReference; explicitFileType = archive.ar; includeInIndex = 0; path = "libPods-CollectionViewPractice.a"; sourceTree = BUILT_PRODUCTS_DIR; };
		748362ACD9033F7D8C8E69B7 /* Pods-CollectionViewPractice.release.xcconfig */ = {isa = PBXFileReference; includeInIndex = 1; lastKnownFileType = text.xcconfig; name = "Pods-CollectionViewPractice.release.xcconfig"; path = "Pods/Target Support Files/Pods-CollectionViewPractice/Pods-CollectionViewPractice.release.xcconfig"; sourceTree = "<group>"; };
		D793467348D6A9CA8C06B2A9 /* Pods-CollectionViewPractice.debug.xcconfig */ = {isa = PBXFileReference; includeInIndex = 1; lastKnownFileType = text.xcconfig; name = "Pods-CollectionViewPractice.debug.xcconfig"; path = "Pods/Target Support Files/Pods-CollectionViewPractice/Pods-CollectionViewPractice.debug.xcconfig"; sourceTree = "<group>"; };
/* End PBXFileReference section */

/* Begin PBXFrameworksBuildPhase section */
		0EB223F41EDFB59400AEAAC5 /* Frameworks */ = {
			isa = PBXFrameworksBuildPhase;
			buildActionMask = 2147483647;
			files = (
				ABE5CADE638C94EBF91C78E7 /* libPods-CollectionViewPractice.a in Frameworks */,
			);
			runOnlyForDeploymentPostprocessing = 0;
		};
/* End PBXFrameworksBuildPhase section */

/* Begin PBXGroup section */
		0EB223EE1EDFB59400AEAAC5 = {
			isa = PBXGroup;
			children = (
				0EB223F91EDFB59400AEAAC5 /* CollectionViewPractice */,
				0EB223F81EDFB59400AEAAC5 /* Products */,
				ED0A64A6A77C17757CAFFF5E /* Pods */,
				3F6C0DC8347B3FA1695697EF /* Frameworks */,
			);
			sourceTree = "<group>";
		};
		0EB223F81EDFB59400AEAAC5 /* Products */ = {
			isa = PBXGroup;
			children = (
				0EB223F71EDFB59400AEAAC5 /* CollectionViewPractice.app */,
			);
			name = Products;
			sourceTree = "<group>";
		};
		0EB223F91EDFB59400AEAAC5 /* CollectionViewPractice */ = {
			isa = PBXGroup;
			children = (
				0EB223FD1EDFB59400AEAAC5 /* AppDelegate.h */,
				0EB223FE1EDFB59400AEAAC5 /* AppDelegate.m */,
				0EB224171EDFB65D00AEAAC5 /* CollectionView.pch */,
				0EB2243A1EE0187E00AEAAC5 /* Datas.plist */,
				0EB224321EE017D600AEAAC5 /* Utils */,
				0EB224361EE017FA00AEAAC5 /* Model */,
				0EB224401EE018E800AEAAC5 /* Cell */,
				0EB224461EE0196C00AEAAC5 /* Layout */,
				0EB224001EDFB59400AEAAC5 /* ViewController.h */,
				0EB224011EDFB59400AEAAC5 /* ViewController.m */,
				0EB224031EDFB59400AEAAC5 /* Main.storyboard */,
				0EB224061EDFB59400AEAAC5 /* Assets.xcassets */,
				0EB224081EDFB59400AEAAC5 /* LaunchScreen.storyboard */,
				0EB2240B1EDFB59400AEAAC5 /* Info.plist */,
				0EB223FA1EDFB59400AEAAC5 /* Supporting Files */,
			);
			path = CollectionViewPractice;
			sourceTree = "<group>";
		};
		0EB223FA1EDFB59400AEAAC5 /* Supporting Files */ = {
			isa = PBXGroup;
			children = (
				0EB223FB1EDFB59400AEAAC5 /* main.m */,
			);
			name = "Supporting Files";
			sourceTree = "<group>";
		};
		0EB224321EE017D600AEAAC5 /* Utils */ = {
			isa = PBXGroup;
			children = (
				0EB2243C1EE018C100AEAAC5 /* Define.h */,
				0EB2243D1EE018C100AEAAC5 /* UIView+AutoLayout.h */,
				0EB2243E1EE018C100AEAAC5 /* UIView+AutoLayout.m */,
				0EB224331EE017E400AEAAC5 /* CSJSONModel.h */,
				0EB224341EE017E400AEAAC5 /* CSJSONModel.m */,
			);
			path = Utils;
			sourceTree = "<group>";
		};
		0EB224361EE017FA00AEAAC5 /* Model */ = {
			isa = PBXGroup;
			children = (
				0EB224371EE0181E00AEAAC5 /* ModelShop.h */,
				0EB224381EE0181E00AEAAC5 /* ModelShop.m */,
			);
			path = Model;
			sourceTree = "<group>";
		};
		0EB224401EE018E800AEAAC5 /* Cell */ = {
			isa = PBXGroup;
			children = (
				0EB224411EE018EE00AEAAC5 /* ShopCell.h */,
				0EB224421EE018EE00AEAAC5 /* ShopCell.m */,
				0EB224431EE018EE00AEAAC5 /* ShopCell.xib */,
			);
			path = Cell;
			sourceTree = "<group>";
		};
		0EB224461EE0196C00AEAAC5 /* Layout */ = {
			isa = PBXGroup;
			children = (
				0EB224471EE0197200AEAAC5 /* WaterflowLayout.h */,
				0EB224481EE0197200AEAAC5 /* WaterflowLayout.m */,
			);
			path = Layout;
			sourceTree = "<group>";
		};
		3F6C0DC8347B3FA1695697EF /* Frameworks */ = {
			isa = PBXGroup;
			children = (
				614BC6DAE6E9ED34276CA8C8 /* libPods-CollectionViewPractice.a */,
			);
			name = Frameworks;
			sourceTree = "<group>";
		};
		ED0A64A6A77C17757CAFFF5E /* Pods */ = {
			isa = PBXGroup;
			children = (
				D793467348D6A9CA8C06B2A9 /* Pods-CollectionViewPractice.debug.xcconfig */,
				748362ACD9033F7D8C8E69B7 /* Pods-CollectionViewPractice.release.xcconfig */,
			);
			name = Pods;
			sourceTree = "<group>";
		};
/* End PBXGroup section */

/* Begin PBXNativeTarget section */
		0EB223F61EDFB59400AEAAC5 /* CollectionViewPractice */ = {
			isa = PBXNativeTarget;
			buildConfigurationList = 0EB2240E1EDFB59400AEAAC5 /* Build configuration list for PBXNativeTarget "CollectionViewPractice" */;
			buildPhases = (
				29B8D3A623D27E21230120D0 /* [CP] Check Pods Manifest.lock */,
				0EB223F31EDFB59400AEAAC5 /* Sources */,
				0EB223F41EDFB59400AEAAC5 /* Frameworks */,
				0EB223F51EDFB59400AEAAC5 /* Resources */,
				BC56DE67CC567A08E244CB53 /* [CP] Embed Pods Frameworks */,
				E5969FFBAD0A22A52086B784 /* [CP] Copy Pods Resources */,
			);
			buildRules = (
			);
			dependencies = (
			);
			name = CollectionViewPractice;
			productName = CollectionViewPractice;
			productReference = 0EB223F71EDFB59400AEAAC5 /* CollectionViewPractice.app */;
			productType = "com.apple.product-type.application";
		};
/* End PBXNativeTarget section */

/* Begin PBXProject section */
		0EB223EF1EDFB59400AEAAC5 /* Project object */ = {
			isa = PBXProject;
			attributes = {
				LastUpgradeCheck = 0830;
				ORGANIZATIONNAME = "武国斌";
				TargetAttributes = {
					0EB223F61EDFB59400AEAAC5 = {
						CreatedOnToolsVersion = 8.3.2;
						DevelopmentTeam = SPNH83SVEV;
						ProvisioningStyle = Automatic;
					};
				};
			};
			buildConfigurationList = 0EB223F21EDFB59400AEAAC5 /* Build configuration list for PBXProject "CollectionViewPractice" */;
			compatibilityVersion = "Xcode 3.2";
			developmentRegion = English;
			hasScannedForEncodings = 0;
			knownRegions = (
				en,
				Base,
			);
			mainGroup = 0EB223EE1EDFB59400AEAAC5;
			productRefGroup = 0EB223F81EDFB59400AEAAC5 /* Products */;
			projectDirPath = "";
			projectRoot = "";
			targets = (
				0EB223F61EDFB59400AEAAC5 /* CollectionViewPractice */,
			);
		};
/* End PBXProject section */

/* Begin PBXResourcesBuildPhase section */
		0EB223F51EDFB59400AEAAC5 /* Resources */ = {
			isa = PBXResourcesBuildPhase;
			buildActionMask = 2147483647;
			files = (
				0EB2243B1EE0187E00AEAAC5 /* Datas.plist in Resources */,
				0EB2240A1EDFB59400AEAAC5 /* LaunchScreen.storyboard in Resources */,
				0EB224071EDFB59400AEAAC5 /* Assets.xcassets in Resources */,
				0EB224051EDFB59400AEAAC5 /* Main.storyboard in Resources */,
				0EB224451EE018EE00AEAAC5 /* ShopCell.xib in Resources */,
			);
			runOnlyForDeploymentPostprocessing = 0;
		};
/* End PBXResourcesBuildPhase section */

/* Begin PBXShellScriptBuildPhase section */
		29B8D3A623D27E21230120D0 /* [CP] Check Pods Manifest.lock */ = {
			isa = PBXShellScriptBuildPhase;
			buildActionMask = 2147483647;
			files = (
			);
			inputPaths = (
			);
			name = "[CP] Check Pods Manifest.lock";
			outputPaths = (
			);
			runOnlyForDeploymentPostprocessing = 0;
			shellPath = /bin/sh;
			shellScript = "diff \"${PODS_ROOT}/../Podfile.lock\" \"${PODS_ROOT}/Manifest.lock\" > /dev/null\nif [ $? != 0 ] ; then\n    # print error to STDERR\n    echo \"error: The sandbox is not in sync with the Podfile.lock. Run 'pod install' or update your CocoaPods installation.\" >&2\n    exit 1\nfi\n";
			showEnvVarsInLog = 0;
		};
		BC56DE67CC567A08E244CB53 /* [CP] Embed Pods Frameworks */ = {
			isa = PBXShellScriptBuildPhase;
			buildActionMask = 2147483647;
			files = (
			);
			inputPaths = (
			);
			name = "[CP] Embed Pods Frameworks";
			outputPaths = (
			);
			runOnlyForDeploymentPostprocessing = 0;
			shellPath = /bin/sh;
			shellScript = "\"${SRCROOT}/Pods/Target Support Files/Pods-CollectionViewPractice/Pods-CollectionViewPractice-frameworks.sh\"\n";
			showEnvVarsInLog = 0;
		};
		E5969FFBAD0A22A52086B784 /* [CP] Copy Pods Resources */ = {
			isa = PBXShellScriptBuildPhase;
			buildActionMask = 2147483647;
			files = (
			);
			inputPaths = (
			);
			name = "[CP] Copy Pods Resources";
			outputPaths = (
			);
			runOnlyForDeploymentPostprocessing = 0;
			shellPath = /bin/sh;
			shellScript = "\"${SRCROOT}/Pods/Target Support Files/Pods-CollectionViewPractice/Pods-CollectionViewPractice-resources.sh\"\n";
			showEnvVarsInLog = 0;
		};
/* End PBXShellScriptBuildPhase section */

/* Begin PBXSourcesBuildPhase section */
		0EB223F31EDFB59400AEAAC5 /* Sources */ = {
			isa = PBXSourcesBuildPhase;
			buildActionMask = 2147483647;
			files = (
				0EB224021EDFB59400AEAAC5 /* ViewController.m in Sources */,
				0EB224391EE0181E00AEAAC5 /* ModelShop.m in Sources */,
				0EB223FF1EDFB59400AEAAC5 /* AppDelegate.m in Sources */,
				0EB2243F1EE018C100AEAAC5 /* UIView+AutoLayout.m in Sources */,
				0EB224491EE0197200AEAAC5 /* WaterflowLayout.m in Sources */,
				0EB223FC1EDFB59400AEAAC5 /* main.m in Sources */,
				0EB224441EE018EE00AEAAC5 /* ShopCell.m in Sources */,
				0EB224351EE017E400AEAAC5 /* CSJSONModel.m in Sources */,
			);
			runOnlyForDeploymentPostprocessing = 0;
		};
/* End PBXSourcesBuildPhase section */

/* Begin PBXVariantGroup section */
		0EB224031EDFB59400AEAAC5 /* Main.storyboard */ = {
			isa = PBXVariantGroup;
			children = (
				0EB224041EDFB59400AEAAC5 /* Base */,
			);
			name = Main.storyboard;
			sourceTree = "<group>";
		};
		0EB224081EDFB59400AEAAC5 /* LaunchScreen.storyboard */ = {
			isa = PBXVariantGroup;
			children = (
				0EB224091EDFB59400AEAAC5 /* Base */,
			);
			name = LaunchScreen.storyboard;
			sourceTree = "<group>";
		};
/* End PBXVariantGroup section */

/* Begin XCBuildConfiguration section */
		0EB2240C1EDFB59400AEAAC5 /* Debug */ = {
			isa = XCBuildConfiguration;
			buildSettings = {
				ALWAYS_SEARCH_USER_PATHS = NO;
				CLANG_ANALYZER_NONNULL = YES;
				CLANG_ANALYZER_NUMBER_OBJECT_CONVERSION = YES_AGGRESSIVE;
				CLANG_CXX_LANGUAGE_STANDARD = "gnu++0x";
				CLANG_CXX_LIBRARY = "libc++";
				CLANG_ENABLE_MODULES = YES;
				CLANG_ENABLE_OBJC_ARC = YES;
				CLANG_WARN_BOOL_CONVERSION = YES;
				CLANG_WARN_CONSTANT_CONVERSION = YES;
				CLANG_WARN_DIRECT_OBJC_ISA_USAGE = YES_ERROR;
				CLANG_WARN_DOCUMENTATION_COMMENTS = YES;
				CLANG_WARN_EMPTY_BODY = YES;
				CLANG_WARN_ENUM_CONVERSION = YES;
				CLANG_WARN_INFINITE_RECURSION = YES;
				CLANG_WARN_INT_CONVERSION = YES;
				CLANG_WARN_OBJC_ROOT_CLASS = YES_ERROR;
				CLANG_WARN_SUSPICIOUS_MOVE = YES;
				CLANG_WARN_UNREACHABLE_CODE = YES;
				CLANG_WARN__DUPLICATE_METHOD_MATCH = YES;
				"CODE_SIGN_IDENTITY[sdk=iphoneos*]" = "iPhone Developer";
				COPY_PHASE_STRIP = NO;
				DEBUG_INFORMATION_FORMAT = dwarf;
				ENABLE_STRICT_OBJC_MSGSEND = YES;
				ENABLE_TESTABILITY = YES;
				GCC_C_LANGUAGE_STANDARD = gnu99;
				GCC_DYNAMIC_NO_PIC = NO;
				GCC_NO_COMMON_BLOCKS = YES;
				GCC_OPTIMIZATION_LEVEL = 0;
				GCC_PREPROCESSOR_DEFINITIONS = (
					"DEBUG=1",
					"$(inherited)",
				);
				GCC_WARN_64_TO_32_BIT_CONVERSION = YES;
				GCC_WARN_ABOUT_RETURN_TYPE = YES_ERROR;
				GCC_WARN_UNDECLARED_SELECTOR = YES;
				GCC_WARN_UNINITIALIZED_AUTOS = YES_AGGRESSIVE;
				GCC_WARN_UNUSED_FUNCTION = YES;
				GCC_WARN_UNUSED_VARIABLE = YES;
				IPHONEOS_DEPLOYMENT_TARGET = 10.3;
				MTL_ENABLE_DEBUG_INFO = YES;
				ONLY_ACTIVE_ARCH = YES;
				SDKROOT = iphoneos;
			};
			name = Debug;
		};
		0EB2240D1EDFB59400AEAAC5 /* Release */ = {
			isa = XCBuildConfiguration;
			buildSettings = {
				ALWAYS_SEARCH_USER_PATHS = NO;
				CLANG_ANALYZER_NONNULL = YES;
				CLANG_ANALYZER_NUMBER_OBJECT_CONVERSION = YES_AGGRESSIVE;
				CLANG_CXX_LANGUAGE_STANDARD = "gnu++0x";
				CLANG_CXX_LIBRARY = "libc++";
				CLANG_ENABLE_MODULES = YES;
				CLANG_ENABLE_OBJC_ARC = YES;
				CLANG_WARN_BOOL_CONVERSION = YES;
				CLANG_WARN_CONSTANT_CONVERSION = YES;
				CLANG_WARN_DIRECT_OBJC_ISA_USAGE = YES_ERROR;
				CLANG_WARN_DOCUMENTATION_COMMENTS = YES;
				CLANG_WARN_EMPTY_BODY = YES;
				CLANG_WARN_ENUM_CONVERSION = YES;
				CLANG_WARN_INFINITE_RECURSION = YES;
				CLANG_WARN_INT_CONVERSION = YES;
				CLANG_WARN_OBJC_ROOT_CLASS = YES_ERROR;
				CLANG_WARN_SUSPICIOUS_MOVE = YES;
				CLANG_WARN_UNREACHABLE_CODE = YES;
				CLANG_WARN__DUPLICATE_METHOD_MATCH = YES;
				"CODE_SIGN_IDENTITY[sdk=iphoneos*]" = "iPhone Developer";
				COPY_PHASE_STRIP = NO;
				DEBUG_INFORMATION_FORMAT = "dwarf-with-dsym";
				ENABLE_NS_ASSERTIONS = NO;
				ENABLE_STRICT_OBJC_MSGSEND = YES;
				GCC_C_LANGUAGE_STANDARD = gnu99;
				GCC_NO_COMMON_BLOCKS = YES;
				GCC_WARN_64_TO_32_BIT_CONVERSION = YES;
				GCC_WARN_ABOUT_RETURN_TYPE = YES_ERROR;
				GCC_WARN_UNDECLARED_SELECTOR = YES;
				GCC_WARN_UNINITIALIZED_AUTOS = YES_AGGRESSIVE;
				GCC_WARN_UNUSED_FUNCTION = YES;
				GCC_WARN_UNUSED_VARIABLE = YES;
				IPHONEOS_DEPLOYMENT_TARGET = 10.3;
				MTL_ENABLE_DEBUG_INFO = NO;
				SDKROOT = iphoneos;
				VALIDATE_PRODUCT = YES;
			};
			name = Release;
		};
		0EB2240F1EDFB59400AEAAC5 /* Debug */ = {
			isa = XCBuildConfiguration;
			baseConfigurationReference = D793467348D6A9CA8C06B2A9 /* Pods-CollectionViewPractice.debug.xcconfig */;
			buildSettings = {
				ASSETCATALOG_COMPILER_APPICON_NAME = AppIcon;
				DEVELOPMENT_TEAM = SPNH83SVEV;
				GCC_PREFIX_HEADER = "$(SRCROOT)/CollectionViewPractice/CollectionView.pch";
				INFOPLIST_FILE = CollectionViewPractice/Info.plist;
				IPHONEOS_DEPLOYMENT_TARGET = 10.2;
				LD_RUNPATH_SEARCH_PATHS = "$(inherited) @executable_path/Frameworks";
				PRODUCT_BUNDLE_IDENTIFIER = com.yucapri.CollectionViewPractice;
				PRODUCT_NAME = "$(TARGET_NAME)";
			};
			name = Debug;
		};
		0EB224101EDFB59400AEAAC5 /* Release */ = {
			isa = XCBuildConfiguration;
			baseConfigurationReference = 748362ACD9033F7D8C8E69B7 /* Pods-CollectionViewPractice.release.xcconfig */;
			buildSettings = {
				ASSETCATALOG_COMPILER_APPICON_NAME = AppIcon;
				DEVELOPMENT_TEAM = SPNH83SVEV;
				GCC_PREFIX_HEADER = "$(SRCROOT)/CollectionViewPractice/CollectionView.pch";
				INFOPLIST_FILE = CollectionViewPractice/Info.plist;
				IPHONEOS_DEPLOYMENT_TARGET = 10.2;
				LD_RUNPATH_SEARCH_PATHS = "$(inherited) @executable_path/Frameworks";
				PRODUCT_BUNDLE_IDENTIFIER = com.yucapri.CollectionViewPractice;
				PRODUCT_NAME = "$(TARGET_NAME)";
			};
			name = Release;
		};
/* End XCBuildConfiguration section */

/* Begin XCConfigurationList section */
		0EB223F21EDFB59400AEAAC5 /* Build configuration list for PBXProject "CollectionViewPractice" */ = {
			isa = XCConfigurationList;
			buildConfigurations = (
				0EB2240C1EDFB59400AEAAC5 /* Debug */,
				0EB2240D1EDFB59400AEAAC5 /* Release */,
			);
			defaultConfigurationIsVisible = 0;
			defaultConfigurationName = Release;
		};
		0EB2240E1EDFB59400AEAAC5 /* Build configuration list for PBXNativeTarget "CollectionViewPractice" */ = {
			isa = XCConfigurationList;
			buildConfigurations = (
				0EB2240F1EDFB59400AEAAC5 /* Debug */,
				0EB224101EDFB59400AEAAC5 /* Release */,
			);
			defaultConfigurationIsVisible = 0;
			defaultConfigurationName = Release;
		};
/* End XCConfigurationList section */
	};
	rootObject = 0EB223EF1EDFB59400AEAAC5 /* Project object */;
}
